
Microsoft Visual Studio Solution File, Format Version 12.00
# Visual Studio Version 17
VisualStudioVersion = 17.9.34728.123
MinimumVisualStudioVersion = 10.0.40219.1
Project("{9A19103F-16F7-4668-BE54-9A1E7A4F7556}") = "DAL", "DAL\DAL.csproj", "{FFA9838A-FA1B-4960-8743-61BF66C20EB4}"
EndProject
Project("{9A19103F-16F7-4668-BE54-9A1E7A4F7556}") = "DTO", "DTO\DTO.csproj", "{46552D20-ED27-4860-98F3-16E3703A0D27}"
EndProject
Project("{9A19103F-16F7-4668-BE54-9A1E7A4F7556}") = "WebAPI", "WebAPI\WebAPI.csproj", "{572E9745-FD01-4F4F-813B-17EF7DF82B28}"
	ProjectSection(ProjectDependencies) = postProject
		{46552D20-ED27-4860-98F3-16E3703A0D27} = {46552D20-ED27-4860-98F3-16E3703A0D27}
		{FFA9838A-FA1B-4960-8743-61BF66C20EB4} = {FFA9838A-FA1B-4960-8743-61BF66C20EB4}
	EndProjectSection
EndProject
Project("{2150E333-8FDC-42A3-9474-1A3956D46DE8}") = "test", "test", "{8197DC03-3C22-44FB-8DFA-EBF7ABB8FD6C}"
EndProject
Project("{2150E333-8FDC-42A3-9474-1A3956D46DE8}") = "src", "src", "{C7505F27-2368-4D70-8626-747AD3EE7EE5}"
EndProject
Project("{9A19103F-16F7-4668-BE54-9A1E7A4F7556}") = "ConsoleApp", "ConsoleApp\ConsoleApp.csproj", "{B704BE99-6572-4F2C-8B5C-2497B15EF9F1}"
EndProject
Project("{9A19103F-16F7-4668-BE54-9A1E7A4F7556}") = "2024TDD04.DAL.Tests", "2024TDD04.DAL.Tests\2024TDD04.DAL.Tests.csproj", "{5C426DF8-B793-41D3-B415-288D834DA082}"
EndProject
Project("{9A19103F-16F7-4668-BE54-9A1E7A4F7556}") = "2024TDD04.WebAPI.Tests", "2024TDD04.WebAPI.Tests\2024TDD04.WebAPI.Tests.csproj", "{74389209-3547-41B0-BB0D-9C28B2DD671E}"
EndProject
Project("{FAE04EC0-301F-11D3-BF4B-00C04F79EFBC}") = "2024TDD04.DTO.Tests", "2024TDD04.DTO.Tests\2024TDD04.DTO.Tests.csproj", "{C679A26F-4D0A-406D-86D4-4207BDF89D3F}"
EndProject
Global
	GlobalSection(SolutionConfigurationPlatforms) = preSolution
		Debug|Any CPU = Debug|Any CPU
		Release|Any CPU = Release|Any CPU
	EndGlobalSection
	GlobalSection(ProjectConfigurationPlatforms) = postSolution
		{FFA9838A-FA1B-4960-8743-61BF66C20EB4}.Debug|Any CPU.ActiveCfg = Debug|Any CPU
		{FFA9838A-FA1B-4960-8743-61BF66C20EB4}.Debug|Any CPU.Build.0 = Debug|Any CPU
		{FFA9838A-FA1B-4960-8743-61BF66C20EB4}.Release|Any CPU.ActiveCfg = Release|Any CPU
		{FFA9838A-FA1B-4960-8743-61BF66C20EB4}.Release|Any CPU.Build.0 = Release|Any CPU
		{46552D20-ED27-4860-98F3-16E3703A0D27}.Debug|Any CPU.ActiveCfg = Debug|Any CPU
		{46552D20-ED27-4860-98F3-16E3703A0D27}.Debug|Any CPU.Build.0 = Debug|Any CPU
		{46552D20-ED27-4860-98F3-16E3703A0D27}.Release|Any CPU.ActiveCfg = Release|Any CPU
		{46552D20-ED27-4860-98F3-16E3703A0D27}.Release|Any CPU.Build.0 = Release|Any CPU
		{572E9745-FD01-4F4F-813B-17EF7DF82B28}.Debug|Any CPU.ActiveCfg = Debug|Any CPU
		{572E9745-FD01-4F4F-813B-17EF7DF82B28}.Debug|Any CPU.Build.0 = Debug|Any CPU
		{572E9745-FD01-4F4F-813B-17EF7DF82B28}.Release|Any CPU.ActiveCfg = Release|Any CPU
		{572E9745-FD01-4F4F-813B-17EF7DF82B28}.Release|Any CPU.Build.0 = Release|Any CPU
		{B704BE99-6572-4F2C-8B5C-2497B15EF9F1}.Debug|Any CPU.ActiveCfg = Debug|Any CPU
		{B704BE99-6572-4F2C-8B5C-2497B15EF9F1}.Debug|Any CPU.Build.0 = Debug|Any CPU
		{B704BE99-6572-4F2C-8B5C-2497B15EF9F1}.Release|Any CPU.ActiveCfg = Release|Any CPU
		{B704BE99-6572-4F2C-8B5C-2497B15EF9F1}.Release|Any CPU.Build.0 = Release|Any CPU
		{5C426DF8-B793-41D3-B415-288D834DA082}.Debug|Any CPU.ActiveCfg = Debug|Any CPU
		{5C426DF8-B793-41D3-B415-288D834DA082}.Debug|Any CPU.Build.0 = Debug|Any CPU
		{5C426DF8-B793-41D3-B415-288D834DA082}.Release|Any CPU.ActiveCfg = Release|Any CPU
		{5C426DF8-B793-41D3-B415-288D834DA082}.Release|Any CPU.Build.0 = Release|Any CPU
		{74389209-3547-41B0-BB0D-9C28B2DD671E}.Debug|Any CPU.ActiveCfg = Debug|Any CPU
		{74389209-3547-41B0-BB0D-9C28B2DD671E}.Debug|Any CPU.Build.0 = Debug|Any CPU
		{74389209-3547-41B0-BB0D-9C28B2DD671E}.Release|Any CPU.ActiveCfg = Release|Any CPU
		{74389209-3547-41B0-BB0D-9C28B2DD671E}.Release|Any CPU.Build.0 = Release|Any CPU
		{C679A26F-4D0A-406D-86D4-4207BDF89D3F}.Debug|Any CPU.ActiveCfg = Debug|Any CPU
		{C679A26F-4D0A-406D-86D4-4207BDF89D3F}.Debug|Any CPU.Build.0 = Debug|Any CPU
		{C679A26F-4D0A-406D-86D4-4207BDF89D3F}.Release|Any CPU.ActiveCfg = Release|Any CPU
		{C679A26F-4D0A-406D-86D4-4207BDF89D3F}.Release|Any CPU.Build.0 = Release|Any CPU
	EndGlobalSection
	GlobalSection(SolutionProperties) = preSolution
		HideSolutionNode = FALSE
	EndGlobalSection
	GlobalSection(NestedProjects) = preSolution
		{FFA9838A-FA1B-4960-8743-61BF66C20EB4} = {C7505F27-2368-4D70-8626-747AD3EE7EE5}
		{46552D20-ED27-4860-98F3-16E3703A0D27} = {C7505F27-2368-4D70-8626-747AD3EE7EE5}
		{572E9745-FD01-4F4F-813B-17EF7DF82B28} = {C7505F27-2368-4D70-8626-747AD3EE7EE5}
		{B704BE99-6572-4F2C-8B5C-2497B15EF9F1} = {C7505F27-2368-4D70-8626-747AD3EE7EE5}
		{5C426DF8-B793-41D3-B415-288D834DA082} = {8197DC03-3C22-44FB-8DFA-EBF7ABB8FD6C}
		{74389209-3547-41B0-BB0D-9C28B2DD671E} = {8197DC03-3C22-44FB-8DFA-EBF7ABB8FD6C}
		{C679A26F-4D0A-406D-86D4-4207BDF89D3F} = {8197DC03-3C22-44FB-8DFA-EBF7ABB8FD6C}
	EndGlobalSection
	GlobalSection(ExtensibilityGlobals) = postSolution
		SolutionGuid = {5B61EFC7-C0C8-4161-A93B-D918CA5C8E58}
	EndGlobalSection
EndGlobal
